// !$*UTF8*$!
{
	archiveVersion = 1;
	classes = {
	};
	objectVersion = 50;
	objects = {

/* Begin PBXBuildFile section */
		4509A2A7215984AC00129A79 /* AppDelegate.swift in Sources */ = {isa = PBXBuildFile; fileRef = 4509A2A6215984AC00129A79 /* AppDelegate.swift */; };
		4509A2AC215984AC00129A79 /* Main.storyboard in Resources */ = {isa = PBXBuildFile; fileRef = 4509A2AA215984AC00129A79 /* Main.storyboard */; };
		4509A2AE215984AD00129A79 /* Assets.xcassets in Resources */ = {isa = PBXBuildFile; fileRef = 4509A2AD215984AD00129A79 /* Assets.xcassets */; };
		4509A2B1215984AD00129A79 /* LaunchScreen.storyboard in Resources */ = {isa = PBXBuildFile; fileRef = 4509A2AF215984AD00129A79 /* LaunchScreen.storyboard */; };
		4509A2BB21598A1F00129A79 /* CloudKit.framework in Frameworks */ = {isa = PBXBuildFile; fileRef = 4509A2BA21598A1F00129A79 /* CloudKit.framework */; };
		4509A2C021598AC200129A79 /* Entry.swift in Sources */ = {isa = PBXBuildFile; fileRef = 4509A2BF21598AC200129A79 /* Entry.swift */; };
		4509A2C221598ACE00129A79 /* EntryController.swift in Sources */ = {isa = PBXBuildFile; fileRef = 4509A2C121598ACE00129A79 /* EntryController.swift */; };
		4509A2C421598AE500129A79 /* EntriesTVC.swift in Sources */ = {isa = PBXBuildFile; fileRef = 4509A2C321598AE500129A79 /* EntriesTVC.swift */; };
		4509A2C621598B0500129A79 /* DetailVC.swift in Sources */ = {isa = PBXBuildFile; fileRef = 4509A2C521598B0500129A79 /* DetailVC.swift */; };
/* End PBXBuildFile section */

/* Begin PBXFileReference section */
		4509A2A3215984AC00129A79 /* JournalCK.app */ = {isa = PBXFileReference; explicitFileType = wrapper.application; includeInIndex = 0; path = JournalCK.app; sourceTree = BUILT_PRODUCTS_DIR; };
		4509A2A6215984AC00129A79 /* AppDelegate.swift */ = {isa = PBXFileReference; lastKnownFileType = sourcecode.swift; path = AppDelegate.swift; sourceTree = "<group>"; };
		4509A2AB215984AC00129A79 /* Base */ = {isa = PBXFileReference; lastKnownFileType = file.storyboard; name = Base; path = Base.lproj/Main.storyboard; sourceTree = "<group>"; };
		4509A2AD215984AD00129A79 /* Assets.xcassets */ = {isa = PBXFileReference; lastKnownFileType = folder.assetcatalog; path = Assets.xcassets; sourceTree = "<group>"; };
		4509A2B0215984AD00129A79 /* Base */ = {isa = PBXFileReference; lastKnownFileType = file.storyboard; name = Base; path = Base.lproj/LaunchScreen.storyboard; sourceTree = "<group>"; };
		4509A2B2215984AD00129A79 /* Info.plist */ = {isa = PBXFileReference; lastKnownFileType = text.plist.xml; path = Info.plist; sourceTree = "<group>"; };
		4509A2B821598A1C00129A79 /* JournalCK.entitlements */ = {isa = PBXFileReference; lastKnownFileType = text.plist.entitlements; path = JournalCK.entitlements; sourceTree = "<group>"; };
		4509A2BA21598A1F00129A79 /* CloudKit.framework */ = {isa = PBXFileReference; lastKnownFileType = wrapper.framework; name = CloudKit.framework; path = System/Library/Frameworks/CloudKit.framework; sourceTree = SDKROOT; };
		4509A2BF21598AC200129A79 /* Entry.swift */ = {isa = PBXFileReference; lastKnownFileType = sourcecode.swift; path = Entry.swift; sourceTree = "<group>"; };
		4509A2C121598ACE00129A79 /* EntryController.swift */ = {isa = PBXFileReference; lastKnownFileType = sourcecode.swift; path = EntryController.swift; sourceTree = "<group>"; };
		4509A2C321598AE500129A79 /* EntriesTVC.swift */ = {isa = PBXFileReference; lastKnownFileType = sourcecode.swift; path = EntriesTVC.swift; sourceTree = "<group>"; };
		4509A2C521598B0500129A79 /* DetailVC.swift */ = {isa = PBXFileReference; lastKnownFileType = sourcecode.swift; path = DetailVC.swift; sourceTree = "<group>"; };
/* End PBXFileReference section */

/* Begin PBXFrameworksBuildPhase section */
		4509A2A0215984AC00129A79 /* Frameworks */ = {
			isa = PBXFrameworksBuildPhase;
			buildActionMask = 2147483647;
			files = (
				4509A2BB21598A1F00129A79 /* CloudKit.framework in Frameworks */,
			);
			runOnlyForDeploymentPostprocessing = 0;
		};
/* End PBXFrameworksBuildPhase section */

/* Begin PBXGroup section */
		4509A29A215984AC00129A79 = {
			isa = PBXGroup;
			children = (
				4509A2A5215984AC00129A79 /* JournalCK */,
				4509A2A4215984AC00129A79 /* Products */,
				4509A2B921598A1F00129A79 /* Frameworks */,
			);
			sourceTree = "<group>";
		};
		4509A2A4215984AC00129A79 /* Products */ = {
			isa = PBXGroup;
			children = (
				4509A2A3215984AC00129A79 /* JournalCK.app */,
			);
			name = Products;
			sourceTree = "<group>";
		};
		4509A2A5215984AC00129A79 /* JournalCK */ = {
			isa = PBXGroup;
			children = (
				4509A2BE21598AAC00129A79 /* Controllers */,
				4509A2BD21598AA500129A79 /* Models */,
				4509A2B821598A1C00129A79 /* JournalCK.entitlements */,
				4509A2BC21598A9600129A79 /* Resources */,
			);
			path = JournalCK;
			sourceTree = "<group>";
		};
		4509A2B921598A1F00129A79 /* Frameworks */ = {
			isa = PBXGroup;
			children = (
				4509A2BA21598A1F00129A79 /* CloudKit.framework */,
			);
			name = Frameworks;
			sourceTree = "<group>";
		};
		4509A2BC21598A9600129A79 /* Resources */ = {
			isa = PBXGroup;
			children = (
				4509A2A6215984AC00129A79 /* AppDelegate.swift */,
				4509A2AA215984AC00129A79 /* Main.storyboard */,
				4509A2AD215984AD00129A79 /* Assets.xcassets */,
				4509A2AF215984AD00129A79 /* LaunchScreen.storyboard */,
				4509A2B2215984AD00129A79 /* Info.plist */,
			);
			path = Resources;
			sourceTree = "<group>";
		};
		4509A2BD21598AA500129A79 /* Models */ = {
			isa = PBXGroup;
			children = (
				4509A2BF21598AC200129A79 /* Entry.swift */,
			);
			path = Models;
			sourceTree = "<group>";
		};
		4509A2BE21598AAC00129A79 /* Controllers */ = {
			isa = PBXGroup;
			children = (
				4509A2C121598ACE00129A79 /* EntryController.swift */,
				4509A2C321598AE500129A79 /* EntriesTVC.swift */,
				4509A2C521598B0500129A79 /* DetailVC.swift */,
			);
			path = Controllers;
			sourceTree = "<group>";
		};
/* End PBXGroup section */

/* Begin PBXNativeTarget section */
		4509A2A2215984AC00129A79 /* JournalCK */ = {
			isa = PBXNativeTarget;
			buildConfigurationList = 4509A2B5215984AD00129A79 /* Build configuration list for PBXNativeTarget "JournalCK" */;
			buildPhases = (
				4509A29F215984AC00129A79 /* Sources */,
				4509A2A0215984AC00129A79 /* Frameworks */,
				4509A2A1215984AC00129A79 /* Resources */,
			);
			buildRules = (
			);
			dependencies = (
			);
			name = JournalCK;
			productName = JournalCK;
			productReference = 4509A2A3215984AC00129A79 /* JournalCK.app */;
			productType = "com.apple.product-type.application";
		};
/* End PBXNativeTarget section */

/* Begin PBXProject section */
		4509A29B215984AC00129A79 /* Project object */ = {
			isa = PBXProject;
			attributes = {
				LastSwiftUpdateCheck = 1000;
				LastUpgradeCheck = 1000;
				ORGANIZATIONNAME = "Markus Varner";
				TargetAttributes = {
					4509A2A2215984AC00129A79 = {
						CreatedOnToolsVersion = 10.0;
						SystemCapabilities = {
							com.apple.Push = {
								enabled = 1;
							};
							com.apple.iCloud = {
								enabled = 1;
							};
						};
					};
				};
			};
			buildConfigurationList = 4509A29E215984AC00129A79 /* Build configuration list for PBXProject "JournalCK" */;
			compatibilityVersion = "Xcode 9.3";
			developmentRegion = en;
			hasScannedForEncodings = 0;
			knownRegions = (
				en,
				Base,
			);
			mainGroup = 4509A29A215984AC00129A79;
			productRefGroup = 4509A2A4215984AC00129A79 /* Products */;
			projectDirPath = "";
			projectRoot = "";
			targets = (
				4509A2A2215984AC00129A79 /* JournalCK */,
			);
		};
/* End PBXProject section */

/* Begin PBXResourcesBuildPhase section */
		4509A2A1215984AC00129A79 /* Resources */ = {
			isa = PBXResourcesBuildPhase;
			buildActionMask = 2147483647;
			files = (
				4509A2B1215984AD00129A79 /* LaunchScreen.storyboard in Resources */,
				4509A2AE215984AD00129A79 /* Assets.xcassets in Resources */,
				4509A2AC215984AC00129A79 /* Main.storyboard in Resources */,
			);
			runOnlyForDeploymentPostprocessing = 0;
		};
/* End PBXResourcesBuildPhase section */

/* Begin PBXSourcesBuildPhase section */
		4509A29F215984AC00129A79 /* Sources */ = {
			isa = PBXSourcesBuildPhase;
			buildActionMask = 2147483647;
			files = (
				4509A2C621598B0500129A79 /* DetailVC.swift in Sources */,
				4509A2C221598ACE00129A79 /* EntryController.swift in Sources */,
				4509A2C021598AC200129A79 /* Entry.swift in Sources */,
				4509A2C421598AE500129A79 /* EntriesTVC.swift in Sources */,
				4509A2A7215984AC00129A79 /* AppDelegate.swift in Sources */,
			);
			runOnlyForDeploymentPostprocessing = 0;
		};
/* End PBXSourcesBuildPhase section */

/* Begin PBXVariantGroup section */
		4509A2AA215984AC00129A79 /* Main.storyboard */ = {
			isa = PBXVariantGroup;
			children = (
				4509A2AB215984AC00129A79 /* Base */,
			);
			name = Main.storyboard;
			sourceTree = "<group>";
		};
		4509A2AF215984AD00129A79 /* LaunchScreen.storyboard */ = {
			isa = PBXVariantGroup;
			children = (
				4509A2B0215984AD00129A79 /* Base */,
			);
			name = LaunchScreen.storyboard;
			sourceTree = "<group>";
		};
/* End PBXVariantGroup section */

/* Begin XCBuildConfiguration section */
		4509A2B3215984AD00129A79 /* Debug */ = {
			isa = XCBuildConfiguration;
			buildSettings = {
				ALWAYS_SEARCH_USER_PATHS = NO;
				CLANG_ANALYZER_NONNULL = YES;
				CLANG_ANALYZER_NUMBER_OBJECT_CONVERSION = YES_AGGRESSIVE;
				CLANG_CXX_LANGUAGE_STANDARD = "gnu++14";
				CLANG_CXX_LIBRARY = "libc++";
				CLANG_ENABLE_MODULES = YES;
				CLANG_ENABLE_OBJC_ARC = YES;
				CLANG_ENABLE_OBJC_WEAK = YES;
				CLANG_WARN_BLOCK_CAPTURE_AUTORELEASING = YES;
				CLANG_WARN_BOOL_CONVERSION = YES;
				CLANG_WARN_COMMA = YES;
				CLANG_WARN_CONSTANT_CONVERSION = YES;
				CLANG_WARN_DEPRECATED_OBJC_IMPLEMENTATIONS = YES;
				CLANG_WARN_DIRECT_OBJC_ISA_USAGE = YES_ERROR;
				CLANG_WARN_DOCUMENTATION_COMMENTS = YES;
				CLANG_WARN_EMPTY_BODY = YES;
				CLANG_WARN_ENUM_CONVERSION = YES;
				CLANG_WARN_INFINITE_RECURSION = YES;
				CLANG_WARN_INT_CONVERSION = YES;
				CLANG_WARN_NON_LITERAL_NULL_CONVERSION = YES;
				CLANG_WARN_OBJC_IMPLICIT_RETAIN_SELF = YES;
				CLANG_WARN_OBJC_LITERAL_CONVERSION = YES;
				CLANG_WARN_OBJC_ROOT_CLASS = YES_ERROR;
				CLANG_WARN_RANGE_LOOP_ANALYSIS = YES;
				CLANG_WARN_STRICT_PROTOTYPES = YES;
				CLANG_WARN_SUSPICIOUS_MOVE = YES;
				CLANG_WARN_UNGUARDED_AVAILABILITY = YES_AGGRESSIVE;
				CLANG_WARN_UNREACHABLE_CODE = YES;
				CLANG_WARN__DUPLICATE_METHOD_MATCH = YES;
				CODE_SIGN_IDENTITY = "iPhone Developer";
				COPY_PHASE_STRIP = NO;
				DEBUG_INFORMATION_FORMAT = dwarf;
				ENABLE_STRICT_OBJC_MSGSEND = YES;
				ENABLE_TESTABILITY = YES;
				GCC_C_LANGUAGE_STANDARD = gnu11;
				GCC_DYNAMIC_NO_PIC = NO;
				GCC_NO_COMMON_BLOCKS = YES;
				GCC_OPTIMIZATION_LEVEL = 0;
				GCC_PREPROCESSOR_DEFINITIONS = (
					"DEBUG=1",
					"$(inherited)",
				);
				GCC_WARN_64_TO_32_BIT_CONVERSION = YES;
				GCC_WARN_ABOUT_RETURN_TYPE = YES_ERROR;
				GCC_WARN_UNDECLARED_SELECTOR = YES;
				GCC_WARN_UNINITIALIZED_AUTOS = YES_AGGRESSIVE;
				GCC_WARN_UNUSED_FUNCTION = YES;
				GCC_WARN_UNUSED_VARIABLE = YES;
				IPHONEOS_DEPLOYMENT_TARGET = 12.0;
				MTL_ENABLE_DEBUG_INFO = INCLUDE_SOURCE;
				MTL_FAST_MATH = YES;
				ONLY_ACTIVE_ARCH = YES;
				SDKROOT = iphoneos;
				SWIFT_ACTIVE_COMPILATION_CONDITIONS = DEBUG;
				SWIFT_OPTIMIZATION_LEVEL = "-Onone";
			};
			name = Debug;
		};
		4509A2B4215984AD00129A79 /* Release */ = {
			isa = XCBuildConfiguration;
			buildSettings = {
				ALWAYS_SEARCH_USER_PATHS = NO;
				CLANG_ANALYZER_NONNULL = YES;
				CLANG_ANALYZER_NUMBER_OBJECT_CONVERSION = YES_AGGRESSIVE;
				CLANG_CXX_LANGUAGE_STANDARD = "gnu++14";
				CLANG_CXX_LIBRARY = "libc++";
				CLANG_ENABLE_MODULES = YES;
				CLANG_ENABLE_OBJC_ARC = YES;
				CLANG_ENABLE_OBJC_WEAK = YES;
				CLANG_WARN_BLOCK_CAPTURE_AUTORELEASING = YES;
				CLANG_WARN_BOOL_CONVERSION = YES;
				CLANG_WARN_COMMA = YES;
				CLANG_WARN_CONSTANT_CONVERSION = YES;
				CLANG_WARN_DEPRECATED_OBJC_IMPLEMENTATIONS = YES;
				CLANG_WARN_DIRECT_OBJC_ISA_USAGE = YES_ERROR;
				CLANG_WARN_DOCUMENTATION_COMMENTS = YES;
				CLANG_WARN_EMPTY_BODY = YES;
				CLANG_WARN_ENUM_CONVERSION = YES;
				CLANG_WARN_INFINITE_RECURSION = YES;
				CLANG_WARN_INT_CONVERSION = YES;
				CLANG_WARN_NON_LITERAL_NULL_CONVERSION = YES;
				CLANG_WARN_OBJC_IMPLICIT_RETAIN_SELF = YES;
				CLANG_WARN_OBJC_LITERAL_CONVERSION = YES;
				CLANG_WARN_OBJC_ROOT_CLASS = YES_ERROR;
				CLANG_WARN_RANGE_LOOP_ANALYSIS = YES;
				CLANG_WARN_STRICT_PROTOTYPES = YES;
				CLANG_WARN_SUSPICIOUS_MOVE = YES;
				CLANG_WARN_UNGUARDED_AVAILABILITY = YES_AGGRESSIVE;
				CLANG_WARN_UNREACHABLE_CODE = YES;
				CLANG_WARN__DUPLICATE_METHOD_MATCH = YES;
				CODE_SIGN_IDENTITY = "iPhone Developer";
				COPY_PHASE_STRIP = NO;
				DEBUG_INFORMATION_FORMAT = "dwarf-with-dsym";
				ENABLE_NS_ASSERTIONS = NO;
				ENABLE_STRICT_OBJC_MSGSEND = YES;
				GCC_C_LANGUAGE_STANDARD = gnu11;
				GCC_NO_COMMON_BLOCKS = YES;
				GCC_WARN_64_TO_32_BIT_CONVERSION = YES;
				GCC_WARN_ABOUT_RETURN_TYPE = YES_ERROR;
				GCC_WARN_UNDECLARED_SELECTOR = YES;
				GCC_WARN_UNINITIALIZED_AUTOS = YES_AGGRESSIVE;
				GCC_WARN_UNUSED_FUNCTION = YES;
				GCC_WARN_UNUSED_VARIABLE = YES;
				IPHONEOS_DEPLOYMENT_TARGET = 12.0;
				MTL_ENABLE_DEBUG_INFO = NO;
				MTL_FAST_MATH = YES;
				SDKROOT = iphoneos;
				SWIFT_COMPILATION_MODE = wholemodule;
				SWIFT_OPTIMIZATION_LEVEL = "-O";
				VALIDATE_PRODUCT = YES;
			};
			name = Release;
		};
		4509A2B6215984AD00129A79 /* Debug */ = {
			isa = XCBuildConfiguration;
			buildSettings = {
				ASSETCATALOG_COMPILER_APPICON_NAME = AppIcon;
				CODE_SIGN_ENTITLEMENTS = JournalCK/JournalCK.entitlements;
				CODE_SIGN_STYLE = Automatic;
				DEVELOPMENT_TEAM = S3K462NKF6;
				INFOPLIST_FILE = "$(SRCROOT)/JournalCK/Resources/Info.plist";
				LD_RUNPATH_SEARCH_PATHS = (
					"$(inherited)",
					"@executable_path/Frameworks",
				);
				PRODUCT_BUNDLE_IDENTIFIER = com.MarkusVarner.JournalCK;
				PRODUCT_NAME = "$(TARGET_NAME)";
				SWIFT_VERSION = 4.2;
				TARGETED_DEVICE_FAMILY = "1,2";
			};
			name = Debug;
		};
		4509A2B7215984AD00129A79 /* Release */ = {
			isa = XCBuildConfiguration;
			buildSettings = {
				ASSETCATALOG_COMPILER_APPICON_NAME = AppIcon;
				CODE_SIGN_ENTITLEMENTS = JournalCK/JournalCK.entitlements;
				CODE_SIGN_STYLE = Automatic;
				DEVELOPMENT_TEAM = S3K462NKF6;
				INFOPLIST_FILE = "$(SRCROOT)/JournalCK/Resources/Info.plist";
				LD_RUNPATH_SEARCH_PATHS = (
					"$(inherited)",
					"@executable_path/Frameworks",
				);
				PRODUCT_BUNDLE_IDENTIFIER = com.MarkusVarner.JournalCK;
				PRODUCT_NAME = "$(TARGET_NAME)";
				SWIFT_VERSION = 4.2;
				TARGETED_DEVICE_FAMILY = "1,2";
			};
			name = Release;
		};
/* End XCBuildConfiguration section */

/* Begin XCConfigurationList section */
		4509A29E215984AC00129A79 /* Build configuration list for PBXProject "JournalCK" */ = {
			isa = XCConfigurationList;
			buildConfigurations = (
				4509A2B3215984AD00129A79 /* Debug */,
				4509A2B4215984AD00129A79 /* Release */,
			);
			defaultConfigurationIsVisible = 0;
			defaultConfigurationName = Release;
		};
		4509A2B5215984AD00129A79 /* Build configuration list for PBXNativeTarget "JournalCK" */ = {
			isa = XCConfigurationList;
			buildConfigurations = (
				4509A2B6215984AD00129A79 /* Debug */,
				4509A2B7215984AD00129A79 /* Release */,
			);
			defaultConfigurationIsVisible = 0;
			defaultConfigurationName = Release;
		};
/* End XCConfigurationList section */
	};
	rootObject = 4509A29B215984AC00129A79 /* Project object */;
}
